
Microsoft Visual Studio Solution File, Format Version 12.00
# Visual Studio Version 17
VisualStudioVersion = 17.7.34018.315
MinimumVisualStudioVersion = 10.0.40219.1
Project("{FAE04EC0-301F-11D3-BF4B-00C04F79EFBC}") = "Blazor.Server", "Blazor\Server\Blazor.Server.csproj", "{69578AB7-C0D1-4453-9A1A-BAA833EA1057}"
EndProject
Project("{FAE04EC0-301F-11D3-BF4B-00C04F79EFBC}") = "Blazor.Client", "Blazor\Client\Blazor.Client.csproj", "{443F5D29-070B-4257-9AFA-EE8FF01BF359}"
EndProject
Project("{FAE04EC0-301F-11D3-BF4B-00C04F79EFBC}") = "Blazor.Shared", "Blazor\Shared\Blazor.Shared.csproj", "{3876BDA6-A5CA-4C03-8C72-5017D2C40B51}"
EndProject
Global
	GlobalSection(SolutionConfigurationPlatforms) = preSolution
		Debug|Any CPU = Debug|Any CPU
		Release|Any CPU = Release|Any CPU
	EndGlobalSection
	GlobalSection(ProjectConfigurationPlatforms) = postSolution
		{69578AB7-C0D1-4453-9A1A-BAA833EA1057}.Debug|Any CPU.ActiveCfg = Debug|Any CPU
		{69578AB7-C0D1-4453-9A1A-BAA833EA1057}.Debug|Any CPU.Build.0 = Debug|Any CPU
		{69578AB7-C0D1-4453-9A1A-BAA833EA1057}.Release|Any CPU.ActiveCfg = Release|Any CPU
		{69578AB7-C0D1-4453-9A1A-BAA833EA1057}.Release|Any CPU.Build.0 = Release|Any CPU
		{443F5D29-070B-4257-9AFA-EE8FF01BF359}.Debug|Any CPU.ActiveCfg = Debug|Any CPU
		{443F5D29-070B-4257-9AFA-EE8FF01BF359}.Debug|Any CPU.Build.0 = Debug|Any CPU
		{443F5D29-070B-4257-9AFA-EE8FF01BF359}.Release|Any CPU.ActiveCfg = Release|Any CPU
		{443F5D29-070B-4257-9AFA-EE8FF01BF359}.Release|Any CPU.Build.0 = Release|Any CPU
		{3876BDA6-A5CA-4C03-8C72-5017D2C40B51}.Debug|Any CPU.ActiveCfg = Debug|Any CPU
		{3876BDA6-A5CA-4C03-8C72-5017D2C40B51}.Debug|Any CPU.Build.0 = Debug|Any CPU
		{3876BDA6-A5CA-4C03-8C72-5017D2C40B51}.Release|Any CPU.ActiveCfg = Release|Any CPU
		{3876BDA6-A5CA-4C03-8C72-5017D2C40B51}.Release|Any CPU.Build.0 = Release|Any CPU
	EndGlobalSection
	GlobalSection(SolutionProperties) = preSolution
		HideSolutionNode = FALSE
	EndGlobalSection
	GlobalSection(ExtensibilityGlobals) = postSolution
		SolutionGuid = {C164D428-C5F9-4922-89C9-0C7BAAAEEF1E}
	EndGlobalSection
EndGlobal
